
Microsoft Visual Studio Solution File, Format Version 12.00
# Visual Studio Version 17
VisualStudioVersion = 17.0.31903.59
MinimumVisualStudioVersion = 10.0.40219.1
Project("{2150E333-8FDC-42A3-9474-1A3956D46DE8}") = "desktop", "desktop", "{7B042446-25BD-4A1F-BE25-EF7C422094F0}"
EndProject
Project("{2150E333-8FDC-42A3-9474-1A3956D46DE8}") = "cursivis-companion", "cursivis-companion", "{F0B448E2-DC18-419C-8D77-872DF59B3115}"
EndProject
Project("{2150E333-8FDC-42A3-9474-1A3956D46DE8}") = "src", "src", "{6EDF1414-4E51-44AA-99FC-BF7D60744B2B}"
EndProject
Project("{FAE04EC0-301F-11D3-BF4B-00C04F79EFBC}") = "Cursivis.Companion", "desktop\cursivis-companion\src\Cursivis.Companion\Cursivis.Companion.csproj", "{F660F8AB-CE5C-4712-87DB-FE1B2AF31ADC}"
EndProject
Project("{2150E333-8FDC-42A3-9474-1A3956D46DE8}") = "plugin", "plugin", "{0E728185-DB98-4573-9B9B-4BE902ACF40D}"
EndProject
Project("{2150E333-8FDC-42A3-9474-1A3956D46DE8}") = "logitech-plugin", "logitech-plugin", "{77D0CF0B-23B3-453E-A70F-54F222226123}"
EndProject
Project("{2150E333-8FDC-42A3-9474-1A3956D46DE8}") = "src", "src", "{6F5D6CD5-B0D6-4D65-BFB9-87BC322FE96E}"
EndProject
Project("{FAE04EC0-301F-11D3-BF4B-00C04F79EFBC}") = "Cursivis.Logitech.Bridge", "plugin\logitech-plugin\src\Cursivis.Logitech.Bridge\Cursivis.Logitech.Bridge.csproj", "{C0139F7A-CE88-45AE-89CB-9385D2CF1227}"
EndProject
Project("{2150E333-8FDC-42A3-9474-1A3956D46DE8}") = "cursivis-trigger-launcher", "cursivis-trigger-launcher", "{31E86F01-DD66-442D-AF2F-DAB2FEFA0A92}"
EndProject
Project("{2150E333-8FDC-42A3-9474-1A3956D46DE8}") = "src", "src", "{E238450C-4DE2-41F1-A3CD-E62B4A26EF7A}"
EndProject
Project("{FAE04EC0-301F-11D3-BF4B-00C04F79EFBC}") = "Cursivis.TriggerLauncher", "desktop\cursivis-trigger-launcher\src\Cursivis.TriggerLauncher\Cursivis.TriggerLauncher.csproj", "{32654F0A-A7FF-4463-BB25-36B8561C4E76}"
EndProject
Project("{2150E333-8FDC-42A3-9474-1A3956D46DE8}") = "cursivis-hotkey-host", "cursivis-hotkey-host", "{6D9D63BE-7A5E-47A6-B33C-C9F7E989C455}"
EndProject
Project("{2150E333-8FDC-42A3-9474-1A3956D46DE8}") = "src", "src", "{A9EBEF5D-57B5-4B6D-88FC-50AB3C591B46}"
EndProject
Project("{FAE04EC0-301F-11D3-BF4B-00C04F79EFBC}") = "Cursivis.HotkeyHost", "desktop\cursivis-hotkey-host\src\Cursivis.HotkeyHost\Cursivis.HotkeyHost.csproj", "{9D8A7B9C-81EA-44F0-BD99-2D252A565FE6}"
EndProject
Global
	GlobalSection(SolutionConfigurationPlatforms) = preSolution
		Debug|Any CPU = Debug|Any CPU
		Release|Any CPU = Release|Any CPU
	EndGlobalSection
	GlobalSection(SolutionProperties) = preSolution
		HideSolutionNode = FALSE
	EndGlobalSection
	GlobalSection(ProjectConfigurationPlatforms) = postSolution
		{F660F8AB-CE5C-4712-87DB-FE1B2AF31ADC}.Debug|Any CPU.ActiveCfg = Debug|Any CPU
		{F660F8AB-CE5C-4712-87DB-FE1B2AF31ADC}.Debug|Any CPU.Build.0 = Debug|Any CPU
		{F660F8AB-CE5C-4712-87DB-FE1B2AF31ADC}.Release|Any CPU.ActiveCfg = Release|Any CPU
		{F660F8AB-CE5C-4712-87DB-FE1B2AF31ADC}.Release|Any CPU.Build.0 = Release|Any CPU
		{C0139F7A-CE88-45AE-89CB-9385D2CF1227}.Debug|Any CPU.ActiveCfg = Debug|Any CPU
		{C0139F7A-CE88-45AE-89CB-9385D2CF1227}.Debug|Any CPU.Build.0 = Debug|Any CPU
		{C0139F7A-CE88-45AE-89CB-9385D2CF1227}.Release|Any CPU.ActiveCfg = Release|Any CPU
		{C0139F7A-CE88-45AE-89CB-9385D2CF1227}.Release|Any CPU.Build.0 = Release|Any CPU
		{32654F0A-A7FF-4463-BB25-36B8561C4E76}.Debug|Any CPU.ActiveCfg = Debug|Any CPU
		{32654F0A-A7FF-4463-BB25-36B8561C4E76}.Debug|Any CPU.Build.0 = Debug|Any CPU
		{32654F0A-A7FF-4463-BB25-36B8561C4E76}.Release|Any CPU.ActiveCfg = Release|Any CPU
		{32654F0A-A7FF-4463-BB25-36B8561C4E76}.Release|Any CPU.Build.0 = Release|Any CPU
		{9D8A7B9C-81EA-44F0-BD99-2D252A565FE6}.Debug|Any CPU.ActiveCfg = Debug|Any CPU
		{9D8A7B9C-81EA-44F0-BD99-2D252A565FE6}.Debug|Any CPU.Build.0 = Debug|Any CPU
		{9D8A7B9C-81EA-44F0-BD99-2D252A565FE6}.Release|Any CPU.ActiveCfg = Release|Any CPU
		{9D8A7B9C-81EA-44F0-BD99-2D252A565FE6}.Release|Any CPU.Build.0 = Release|Any CPU
	EndGlobalSection
	GlobalSection(NestedProjects) = preSolution
		{F0B448E2-DC18-419C-8D77-872DF59B3115} = {7B042446-25BD-4A1F-BE25-EF7C422094F0}
		{6EDF1414-4E51-44AA-99FC-BF7D60744B2B} = {F0B448E2-DC18-419C-8D77-872DF59B3115}
		{F660F8AB-CE5C-4712-87DB-FE1B2AF31ADC} = {6EDF1414-4E51-44AA-99FC-BF7D60744B2B}
		{77D0CF0B-23B3-453E-A70F-54F222226123} = {0E728185-DB98-4573-9B9B-4BE902ACF40D}
		{6F5D6CD5-B0D6-4D65-BFB9-87BC322FE96E} = {77D0CF0B-23B3-453E-A70F-54F222226123}
		{C0139F7A-CE88-45AE-89CB-9385D2CF1227} = {6F5D6CD5-B0D6-4D65-BFB9-87BC322FE96E}
		{31E86F01-DD66-442D-AF2F-DAB2FEFA0A92} = {7B042446-25BD-4A1F-BE25-EF7C422094F0}
		{E238450C-4DE2-41F1-A3CD-E62B4A26EF7A} = {31E86F01-DD66-442D-AF2F-DAB2FEFA0A92}
		{32654F0A-A7FF-4463-BB25-36B8561C4E76} = {E238450C-4DE2-41F1-A3CD-E62B4A26EF7A}
		{6D9D63BE-7A5E-47A6-B33C-C9F7E989C455} = {7B042446-25BD-4A1F-BE25-EF7C422094F0}
		{A9EBEF5D-57B5-4B6D-88FC-50AB3C591B46} = {6D9D63BE-7A5E-47A6-B33C-C9F7E989C455}
		{9D8A7B9C-81EA-44F0-BD99-2D252A565FE6} = {A9EBEF5D-57B5-4B6D-88FC-50AB3C591B46}
	EndGlobalSection
EndGlobal
